PODS:
  - SwiftJSONKit (0.1.0)
  - SwiftNetworking (0.1.0):
    - SwiftJSONKit

DEPENDENCIES:
  - SwiftNetworking (from `../`)

EXTERNAL SOURCES:
  SwiftNetworking:
    :path: "../"

SPEC CHECKSUMS:
  SwiftJSONKit: a4673a907da59e77ff95b94d3e228b85a24a7c33
  SwiftNetworking: 0cf2a134401c9896bb4b1d1bfc2d6b7a1ba4a288

PODFILE CHECKSUM: 11830c1ae8c571fd210dc503d5b990deee666411

COCOAPODS: 1.1.1
